
Microsoft Visual Studio Solution File, Format Version 12.00
# Visual Studio 15
VisualStudioVersion = 15.0.27130.2027
MinimumVisualStudioVersion = 10.0.40219.1
Project("{FAE04EC0-301F-11D3-BF4B-00C04F79EFBC}") = "Bank.Contract", "Bank.Contract\Bank.Contract.csproj", "{176174F5-47BB-4801-866A-835571305C83}"
EndProject
Project("{FAE04EC0-301F-11D3-BF4B-00C04F79EFBC}") = "Bank.Data", "Bank.Data\Bank.Data.csproj", "{00AEFB56-1EE9-42A1-A0B1-FDB6110F69B0}"
EndProject
Project("{FAE04EC0-301F-11D3-BF4B-00C04F79EFBC}") = "Bank.Services", "Bank.Services\Bank.Services.csproj", "{2ED9BF69-1A13-45B5-B28C-0C01FA94EFF4}"
EndProject
Project("{FAE04EC0-301F-11D3-BF4B-00C04F79EFBC}") = "Bank.UnitTests", "Bank.UnitTests\Bank.UnitTests.csproj", "{5277EB4C-1375-480A-8EE6-2885702DE8D6}"
EndProject
Project("{FAE04EC0-301F-11D3-BF4B-00C04F79EFBC}") = "Bank.IntegrationTests", "Bank.IntegrationTests\Bank.IntegrationTests.csproj", "{0750165C-4BF1-424E-A952-B7A583E54215}"
EndProject
Global
	GlobalSection(SolutionConfigurationPlatforms) = preSolution
		Debug|Any CPU = Debug|Any CPU
		Release|Any CPU = Release|Any CPU
	EndGlobalSection
	GlobalSection(ProjectConfigurationPlatforms) = postSolution
		{176174F5-47BB-4801-866A-835571305C83}.Debug|Any CPU.ActiveCfg = Debug|Any CPU
		{176174F5-47BB-4801-866A-835571305C83}.Debug|Any CPU.Build.0 = Debug|Any CPU
		{176174F5-47BB-4801-866A-835571305C83}.Release|Any CPU.ActiveCfg = Release|Any CPU
		{176174F5-47BB-4801-866A-835571305C83}.Release|Any CPU.Build.0 = Release|Any CPU
		{00AEFB56-1EE9-42A1-A0B1-FDB6110F69B0}.Debug|Any CPU.ActiveCfg = Debug|Any CPU
		{00AEFB56-1EE9-42A1-A0B1-FDB6110F69B0}.Debug|Any CPU.Build.0 = Debug|Any CPU
		{00AEFB56-1EE9-42A1-A0B1-FDB6110F69B0}.Release|Any CPU.ActiveCfg = Release|Any CPU
		{00AEFB56-1EE9-42A1-A0B1-FDB6110F69B0}.Release|Any CPU.Build.0 = Release|Any CPU
		{2ED9BF69-1A13-45B5-B28C-0C01FA94EFF4}.Debug|Any CPU.ActiveCfg = Debug|Any CPU
		{2ED9BF69-1A13-45B5-B28C-0C01FA94EFF4}.Debug|Any CPU.Build.0 = Debug|Any CPU
		{2ED9BF69-1A13-45B5-B28C-0C01FA94EFF4}.Release|Any CPU.ActiveCfg = Release|Any CPU
		{2ED9BF69-1A13-45B5-B28C-0C01FA94EFF4}.Release|Any CPU.Build.0 = Release|Any CPU
		{5277EB4C-1375-480A-8EE6-2885702DE8D6}.Debug|Any CPU.ActiveCfg = Debug|Any CPU
		{5277EB4C-1375-480A-8EE6-2885702DE8D6}.Debug|Any CPU.Build.0 = Debug|Any CPU
		{5277EB4C-1375-480A-8EE6-2885702DE8D6}.Release|Any CPU.ActiveCfg = Release|Any CPU
		{5277EB4C-1375-480A-8EE6-2885702DE8D6}.Release|Any CPU.Build.0 = Release|Any CPU
		{0750165C-4BF1-424E-A952-B7A583E54215}.Debug|Any CPU.ActiveCfg = Debug|Any CPU
		{0750165C-4BF1-424E-A952-B7A583E54215}.Debug|Any CPU.Build.0 = Debug|Any CPU
		{0750165C-4BF1-424E-A952-B7A583E54215}.Release|Any CPU.ActiveCfg = Release|Any CPU
		{0750165C-4BF1-424E-A952-B7A583E54215}.Release|Any CPU.Build.0 = Release|Any CPU
	EndGlobalSection
	GlobalSection(SolutionProperties) = preSolution
		HideSolutionNode = FALSE
	EndGlobalSection
	GlobalSection(ExtensibilityGlobals) = postSolution
		SolutionGuid = {BA9D187B-9E67-460C-9352-74406F1DF74B}
	EndGlobalSection
EndGlobal
